// !$*UTF8*$!
{
	archiveVersion = 1;
	classes = {
	};
	objectVersion = 46;
	objects = {

/* Begin PBXBuildFile section */
		28C860EA1AB2CEA700EB021C /* init.js in Resources */ = {isa = PBXBuildFile; fileRef = 28C860E91AB2CEA700EB021C /* init.js */; };
		74688C931AAF1CC500BD8506 /* AppDelegate.swift in Sources */ = {isa = PBXBuildFile; fileRef = 74688C921AAF1CC500BD8506 /* AppDelegate.swift */; };
		74688C951AAF1CC500BD8506 /* Images.xcassets in Resources */ = {isa = PBXBuildFile; fileRef = 74688C941AAF1CC500BD8506 /* Images.xcassets */; };
		74688C981AAF1CC500BD8506 /* MainMenu.xib in Resources */ = {isa = PBXBuildFile; fileRef = 74688C961AAF1CC500BD8506 /* MainMenu.xib */; };
		74688CA41AAF1CC500BD8506 /* CopyHookTests.swift in Sources */ = {isa = PBXBuildFile; fileRef = 74688CA31AAF1CC500BD8506 /* CopyHookTests.swift */; };
		74B34A6D1AB3D5DB003F91C9 /* AboutWindowController.swift in Sources */ = {isa = PBXBuildFile; fileRef = 74B34A6C1AB3D5DB003F91C9 /* AboutWindowController.swift */; };
		74B34A6F1AB3D6B5003F91C9 /* Credits.html in Resources */ = {isa = PBXBuildFile; fileRef = 74B34A6E1AB3D6B5003F91C9 /* Credits.html */; };
		74DE62311AB341790077D557 /* JSBridge.swift in Sources */ = {isa = PBXBuildFile; fileRef = 74DE62301AB341790077D557 /* JSBridge.swift */; };
		74DE62331AB349050077D557 /* Accessibility.swift in Sources */ = {isa = PBXBuildFile; fileRef = 74DE62321AB349050077D557 /* Accessibility.swift */; };
		74DE62361AB3C7690077D557 /* README.md in Sources */ = {isa = PBXBuildFile; fileRef = 74DE62351AB3C7690077D557 /* README.md */; };
/* End PBXBuildFile section */

/* Begin PBXContainerItemProxy section */
		74688C9E1AAF1CC500BD8506 /* PBXContainerItemProxy */ = {
			isa = PBXContainerItemProxy;
			containerPortal = 74688C851AAF1CC500BD8506 /* Project object */;
			proxyType = 1;
			remoteGlobalIDString = 74688C8C1AAF1CC500BD8506;
			remoteInfo = CopyHook;
		};
/* End PBXContainerItemProxy section */

/* Begin PBXFileReference section */
		28C860E91AB2CEA700EB021C /* init.js */ = {isa = PBXFileReference; fileEncoding = 4; lastKnownFileType = sourcecode.javascript; path = init.js; sourceTree = "<group>"; };
		74688C8D1AAF1CC500BD8506 /* CopyHook.app */ = {isa = PBXFileReference; explicitFileType = wrapper.application; includeInIndex = 0; path = CopyHook.app; sourceTree = BUILT_PRODUCTS_DIR; };
		74688C911AAF1CC500BD8506 /* Info.plist */ = {isa = PBXFileReference; lastKnownFileType = text.plist.xml; path = Info.plist; sourceTree = "<group>"; };
		74688C921AAF1CC500BD8506 /* AppDelegate.swift */ = {isa = PBXFileReference; lastKnownFileType = sourcecode.swift; path = AppDelegate.swift; sourceTree = "<group>"; };
		74688C941AAF1CC500BD8506 /* Images.xcassets */ = {isa = PBXFileReference; lastKnownFileType = folder.assetcatalog; path = Images.xcassets; sourceTree = "<group>"; };
		74688C971AAF1CC500BD8506 /* Base */ = {isa = PBXFileReference; lastKnownFileType = file.xib; name = Base; path = Base.lproj/MainMenu.xib; sourceTree = "<group>"; };
		74688C9D1AAF1CC500BD8506 /* CopyHookTests.xctest */ = {isa = PBXFileReference; explicitFileType = wrapper.cfbundle; includeInIndex = 0; path = CopyHookTests.xctest; sourceTree = BUILT_PRODUCTS_DIR; };
		74688CA21AAF1CC500BD8506 /* Info.plist */ = {isa = PBXFileReference; lastKnownFileType = text.plist.xml; path = Info.plist; sourceTree = "<group>"; };
		74688CA31AAF1CC500BD8506 /* CopyHookTests.swift */ = {isa = PBXFileReference; lastKnownFileType = sourcecode.swift; path = CopyHookTests.swift; sourceTree = "<group>"; };
		74688CAD1AAF1CEE00BD8506 /* CopyHook-Bridging-Header.h */ = {isa = PBXFileReference; lastKnownFileType = sourcecode.c.h; path = "CopyHook-Bridging-Header.h"; sourceTree = "<group>"; };
		74B34A6C1AB3D5DB003F91C9 /* AboutWindowController.swift */ = {isa = PBXFileReference; fileEncoding = 4; lastKnownFileType = sourcecode.swift; path = AboutWindowController.swift; sourceTree = "<group>"; };
		74B34A6E1AB3D6B5003F91C9 /* Credits.html */ = {isa = PBXFileReference; fileEncoding = 4; lastKnownFileType = text.html; path = Credits.html; sourceTree = "<group>"; };
		74DE62301AB341790077D557 /* JSBridge.swift */ = {isa = PBXFileReference; fileEncoding = 4; lastKnownFileType = sourcecode.swift; path = JSBridge.swift; sourceTree = "<group>"; };
		74DE62321AB349050077D557 /* Accessibility.swift */ = {isa = PBXFileReference; fileEncoding = 4; lastKnownFileType = sourcecode.swift; path = Accessibility.swift; sourceTree = "<group>"; };
		74DE62351AB3C7690077D557 /* README.md */ = {isa = PBXFileReference; fileEncoding = 4; lastKnownFileType = net.daringfireball.markdown; path = README.md; sourceTree = "<group>"; };
/* End PBXFileReference section */

/* Begin PBXFrameworksBuildPhase section */
		74688C8A1AAF1CC500BD8506 /* Frameworks */ = {
			isa = PBXFrameworksBuildPhase;
			buildActionMask = 2147483647;
			files = (
			);
			runOnlyForDeploymentPostprocessing = 0;
		};
		74688C9A1AAF1CC500BD8506 /* Frameworks */ = {
			isa = PBXFrameworksBuildPhase;
			buildActionMask = 2147483647;
			files = (
			);
			runOnlyForDeploymentPostprocessing = 0;
		};
/* End PBXFrameworksBuildPhase section */

/* Begin PBXGroup section */
		74688C841AAF1CC500BD8506 = {
			isa = PBXGroup;
			children = (
				74DE62351AB3C7690077D557 /* README.md */,
				74688C8F1AAF1CC500BD8506 /* CopyHook */,
				74688CA01AAF1CC500BD8506 /* CopyHookTests */,
				74688C8E1AAF1CC500BD8506 /* Products */,
			);
			sourceTree = "<group>";
		};
		74688C8E1AAF1CC500BD8506 /* Products */ = {
			isa = PBXGroup;
			children = (
				74688C8D1AAF1CC500BD8506 /* CopyHook.app */,
				74688C9D1AAF1CC500BD8506 /* CopyHookTests.xctest */,
			);
			name = Products;
			sourceTree = "<group>";
		};
		74688C8F1AAF1CC500BD8506 /* CopyHook */ = {
			isa = PBXGroup;
			children = (
				74688C921AAF1CC500BD8506 /* AppDelegate.swift */,
				74688C941AAF1CC500BD8506 /* Images.xcassets */,
				74688C961AAF1CC500BD8506 /* MainMenu.xib */,
				74688C901AAF1CC500BD8506 /* Supporting Files */,
				74688CAD1AAF1CEE00BD8506 /* CopyHook-Bridging-Header.h */,
				28C860E91AB2CEA700EB021C /* init.js */,
				74DE62301AB341790077D557 /* JSBridge.swift */,
				74DE62321AB349050077D557 /* Accessibility.swift */,
				74B34A6C1AB3D5DB003F91C9 /* AboutWindowController.swift */,
				74B34A6E1AB3D6B5003F91C9 /* Credits.html */,
			);
			path = CopyHook;
			sourceTree = "<group>";
		};
		74688C901AAF1CC500BD8506 /* Supporting Files */ = {
			isa = PBXGroup;
			children = (
				74688C911AAF1CC500BD8506 /* Info.plist */,
			);
			name = "Supporting Files";
			sourceTree = "<group>";
		};
		74688CA01AAF1CC500BD8506 /* CopyHookTests */ = {
			isa = PBXGroup;
			children = (
				74688CA31AAF1CC500BD8506 /* CopyHookTests.swift */,
				74688CA11AAF1CC500BD8506 /* Supporting Files */,
			);
			path = CopyHookTests;
			sourceTree = "<group>";
		};
		74688CA11AAF1CC500BD8506 /* Supporting Files */ = {
			isa = PBXGroup;
			children = (
				74688CA21AAF1CC500BD8506 /* Info.plist */,
			);
			name = "Supporting Files";
			sourceTree = "<group>";
		};
/* End PBXGroup section */

/* Begin PBXNativeTarget section */
		74688C8C1AAF1CC500BD8506 /* CopyHook */ = {
			isa = PBXNativeTarget;
			buildConfigurationList = 74688CA71AAF1CC500BD8506 /* Build configuration list for PBXNativeTarget "CopyHook" */;
			buildPhases = (
				74688C891AAF1CC500BD8506 /* Sources */,
				74688C8A1AAF1CC500BD8506 /* Frameworks */,
				74688C8B1AAF1CC500BD8506 /* Resources */,
			);
			buildRules = (
			);
			dependencies = (
			);
			name = CopyHook;
			productName = CopyHook;
			productReference = 74688C8D1AAF1CC500BD8506 /* CopyHook.app */;
			productType = "com.apple.product-type.application";
		};
		74688C9C1AAF1CC500BD8506 /* CopyHookTests */ = {
			isa = PBXNativeTarget;
			buildConfigurationList = 74688CAA1AAF1CC500BD8506 /* Build configuration list for PBXNativeTarget "CopyHookTests" */;
			buildPhases = (
				74688C991AAF1CC500BD8506 /* Sources */,
				74688C9A1AAF1CC500BD8506 /* Frameworks */,
				74688C9B1AAF1CC500BD8506 /* Resources */,
			);
			buildRules = (
			);
			dependencies = (
				74688C9F1AAF1CC500BD8506 /* PBXTargetDependency */,
			);
			name = CopyHookTests;
			productName = CopyHookTests;
			productReference = 74688C9D1AAF1CC500BD8506 /* CopyHookTests.xctest */;
			productType = "com.apple.product-type.bundle.unit-test";
		};
/* End PBXNativeTarget section */

/* Begin PBXProject section */
		74688C851AAF1CC500BD8506 /* Project object */ = {
			isa = PBXProject;
			attributes = {
				LastUpgradeCheck = 0610;
				ORGANIZATIONNAME = Satoh;
				TargetAttributes = {
					74688C8C1AAF1CC500BD8506 = {
						CreatedOnToolsVersion = 6.1.1;
						SystemCapabilities = {
							com.apple.Sandbox = {
								enabled = 0;
							};
						};
					};
					74688C9C1AAF1CC500BD8506 = {
						CreatedOnToolsVersion = 6.1.1;
						TestTargetID = 74688C8C1AAF1CC500BD8506;
					};
				};
			};
			buildConfigurationList = 74688C881AAF1CC500BD8506 /* Build configuration list for PBXProject "CopyHook" */;
			compatibilityVersion = "Xcode 3.2";
			developmentRegion = English;
			hasScannedForEncodings = 0;
			knownRegions = (
				en,
				Base,
			);
			mainGroup = 74688C841AAF1CC500BD8506;
			productRefGroup = 74688C8E1AAF1CC500BD8506 /* Products */;
			projectDirPath = "";
			projectRoot = "";
			targets = (
				74688C8C1AAF1CC500BD8506 /* CopyHook */,
				74688C9C1AAF1CC500BD8506 /* CopyHookTests */,
			);
		};
/* End PBXProject section */

/* Begin PBXResourcesBuildPhase section */
		74688C8B1AAF1CC500BD8506 /* Resources */ = {
			isa = PBXResourcesBuildPhase;
			buildActionMask = 2147483647;
			files = (
				28C860EA1AB2CEA700EB021C /* init.js in Resources */,
				74B34A6F1AB3D6B5003F91C9 /* Credits.html in Resources */,
				74688C951AAF1CC500BD8506 /* Images.xcassets in Resources */,
				74688C981AAF1CC500BD8506 /* MainMenu.xib in Resources */,
			);
			runOnlyForDeploymentPostprocessing = 0;
		};
		74688C9B1AAF1CC500BD8506 /* Resources */ = {
			isa = PBXResourcesBuildPhase;
			buildActionMask = 2147483647;
			files = (
			);
			runOnlyForDeploymentPostprocessing = 0;
		};
/* End PBXResourcesBuildPhase section */

/* Begin PBXSourcesBuildPhase section */
		74688C891AAF1CC500BD8506 /* Sources */ = {
			isa = PBXSourcesBuildPhase;
			buildActionMask = 2147483647;
			files = (
				74DE62311AB341790077D557 /* JSBridge.swift in Sources */,
				74B34A6D1AB3D5DB003F91C9 /* AboutWindowController.swift in Sources */,
				74DE62331AB349050077D557 /* Accessibility.swift in Sources */,
				74DE62361AB3C7690077D557 /* README.md in Sources */,
				74688C931AAF1CC500BD8506 /* AppDelegate.swift in Sources */,
			);
			runOnlyForDeploymentPostprocessing = 0;
		};
		74688C991AAF1CC500BD8506 /* Sources */ = {
			isa = PBXSourcesBuildPhase;
			buildActionMask = 2147483647;
			files = (
				74688CA41AAF1CC500BD8506 /* CopyHookTests.swift in Sources */,
			);
			runOnlyForDeploymentPostprocessing = 0;
		};
/* End PBXSourcesBuildPhase section */

/* Begin PBXTargetDependency section */
		74688C9F1AAF1CC500BD8506 /* PBXTargetDependency */ = {
			isa = PBXTargetDependency;
			target = 74688C8C1AAF1CC500BD8506 /* CopyHook */;
			targetProxy = 74688C9E1AAF1CC500BD8506 /* PBXContainerItemProxy */;
		};
/* End PBXTargetDependency section */

/* Begin PBXVariantGroup section */
		74688C961AAF1CC500BD8506 /* MainMenu.xib */ = {
			isa = PBXVariantGroup;
			children = (
				74688C971AAF1CC500BD8506 /* Base */,
			);
			name = MainMenu.xib;
			sourceTree = "<group>";
		};
/* End PBXVariantGroup section */

/* Begin XCBuildConfiguration section */
		74688CA51AAF1CC500BD8506 /* Debug */ = {
			isa = XCBuildConfiguration;
			buildSettings = {
				ALWAYS_SEARCH_USER_PATHS = NO;
				CLANG_CXX_LANGUAGE_STANDARD = "gnu++0x";
				CLANG_CXX_LIBRARY = "libc++";
				CLANG_ENABLE_MODULES = YES;
				CLANG_ENABLE_OBJC_ARC = YES;
				CLANG_WARN_BOOL_CONVERSION = YES;
				CLANG_WARN_CONSTANT_CONVERSION = YES;
				CLANG_WARN_DIRECT_OBJC_ISA_USAGE = YES_ERROR;
				CLANG_WARN_EMPTY_BODY = YES;
				CLANG_WARN_ENUM_CONVERSION = YES;
				CLANG_WARN_INT_CONVERSION = YES;
				CLANG_WARN_OBJC_ROOT_CLASS = YES_ERROR;
				CLANG_WARN_UNREACHABLE_CODE = YES;
				CLANG_WARN__DUPLICATE_METHOD_MATCH = YES;
				CODE_SIGN_IDENTITY = "-";
				COPY_PHASE_STRIP = NO;
				ENABLE_STRICT_OBJC_MSGSEND = YES;
				GCC_C_LANGUAGE_STANDARD = gnu99;
				GCC_DYNAMIC_NO_PIC = NO;
				GCC_OPTIMIZATION_LEVEL = 0;
				GCC_PREPROCESSOR_DEFINITIONS = (
					"DEBUG=1",
					"$(inherited)",
				);
				GCC_SYMBOLS_PRIVATE_EXTERN = NO;
				GCC_WARN_64_TO_32_BIT_CONVERSION = YES;
				GCC_WARN_ABOUT_RETURN_TYPE = YES_ERROR;
				GCC_WARN_UNDECLARED_SELECTOR = YES;
				GCC_WARN_UNINITIALIZED_AUTOS = YES_AGGRESSIVE;
				GCC_WARN_UNUSED_FUNCTION = YES;
				GCC_WARN_UNUSED_VARIABLE = YES;
				MACOSX_DEPLOYMENT_TARGET = 10.10;
				MTL_ENABLE_DEBUG_INFO = YES;
				ONLY_ACTIVE_ARCH = YES;
				SDKROOT = macosx;
				SWIFT_OPTIMIZATION_LEVEL = "-Onone";
			};
			name = Debug;
		};
		74688CA61AAF1CC500BD8506 /* Release */ = {
			isa = XCBuildConfiguration;
			buildSettings = {
				ALWAYS_SEARCH_USER_PATHS = NO;
				CLANG_CXX_LANGUAGE_STANDARD = "gnu++0x";
				CLANG_CXX_LIBRARY = "libc++";
				CLANG_ENABLE_MODULES = YES;
				CLANG_ENABLE_OBJC_ARC = YES;
				CLANG_WARN_BOOL_CONVERSION = YES;
				CLANG_WARN_CONSTANT_CONVERSION = YES;
				CLANG_WARN_DIRECT_OBJC_ISA_USAGE = YES_ERROR;
				CLANG_WARN_EMPTY_BODY = YES;
				CLANG_WARN_ENUM_CONVERSION = YES;
				CLANG_WARN_INT_CONVERSION = YES;
				CLANG_WARN_OBJC_ROOT_CLASS = YES_ERROR;
				CLANG_WARN_UNREACHABLE_CODE = YES;
				CLANG_WARN__DUPLICATE_METHOD_MATCH = YES;
				CODE_SIGN_IDENTITY = "-";
				COPY_PHASE_STRIP = YES;
				DEBUG_INFORMATION_FORMAT = "dwarf-with-dsym";
				ENABLE_NS_ASSERTIONS = NO;
				ENABLE_STRICT_OBJC_MSGSEND = YES;
				GCC_C_LANGUAGE_STANDARD = gnu99;
				GCC_WARN_64_TO_32_BIT_CONVERSION = YES;
				GCC_WARN_ABOUT_RETURN_TYPE = YES_ERROR;
				GCC_WARN_UNDECLARED_SELECTOR = YES;
				GCC_WARN_UNINITIALIZED_AUTOS = YES_AGGRESSIVE;
				GCC_WARN_UNUSED_FUNCTION = YES;
				GCC_WARN_UNUSED_VARIABLE = YES;
				MACOSX_DEPLOYMENT_TARGET = 10.10;
				MTL_ENABLE_DEBUG_INFO = NO;
				SDKROOT = macosx;
			};
			name = Release;
		};
		74688CA81AAF1CC500BD8506 /* Debug */ = {
			isa = XCBuildConfiguration;
			buildSettings = {
				ASSETCATALOG_COMPILER_APPICON_NAME = AppIcon;
				CLANG_ENABLE_MODULES = YES;
				COMBINE_HIDPI_IMAGES = YES;
				INFOPLIST_FILE = CopyHook/Info.plist;
				LD_RUNPATH_SEARCH_PATHS = "$(inherited) @executable_path/../Frameworks";
				MACOSX_DEPLOYMENT_TARGET = 10.9;
				PRODUCT_NAME = "$(TARGET_NAME)";
				SWIFT_OBJC_BRIDGING_HEADER = "CopyHook/CopyHook-Bridging-Header.h";
				SWIFT_OPTIMIZATION_LEVEL = "-Onone";
			};
			name = Debug;
		};
		74688CA91AAF1CC500BD8506 /* Release */ = {
			isa = XCBuildConfiguration;
			buildSettings = {
				ASSETCATALOG_COMPILER_APPICON_NAME = AppIcon;
				CLANG_ENABLE_MODULES = YES;
				COMBINE_HIDPI_IMAGES = YES;
				INFOPLIST_FILE = CopyHook/Info.plist;
				LD_RUNPATH_SEARCH_PATHS = "$(inherited) @executable_path/../Frameworks";
				MACOSX_DEPLOYMENT_TARGET = 10.9;
				PRODUCT_NAME = "$(TARGET_NAME)";
				SWIFT_OBJC_BRIDGING_HEADER = "CopyHook/CopyHook-Bridging-Header.h";
			};
			name = Release;
		};
		74688CAB1AAF1CC500BD8506 /* Debug */ = {
			isa = XCBuildConfiguration;
			buildSettings = {
				BUNDLE_LOADER = "$(TEST_HOST)";
				COMBINE_HIDPI_IMAGES = YES;
				FRAMEWORK_SEARCH_PATHS = (
					"$(DEVELOPER_FRAMEWORKS_DIR)",
					"$(inherited)",
				);
				GCC_PREPROCESSOR_DEFINITIONS = (
					"DEBUG=1",
					"$(inherited)",
				);
				INFOPLIST_FILE = CopyHookTests/Info.plist;
				LD_RUNPATH_SEARCH_PATHS = "$(inherited) @executable_path/../Frameworks @loader_path/../Frameworks";
				PRODUCT_NAME = "$(TARGET_NAME)";
				TEST_HOST = "$(BUILT_PRODUCTS_DIR)/CopyHook.app/Contents/MacOS/CopyHook";
			};
			name = Debug;
		};
		74688CAC1AAF1CC500BD8506 /* Release */ = {
			isa = XCBuildConfiguration;
			buildSettings = {
				BUNDLE_LOADER = "$(TEST_HOST)";
				COMBINE_HIDPI_IMAGES = YES;
				FRAMEWORK_SEARCH_PATHS = (
					"$(DEVELOPER_FRAMEWORKS_DIR)",
					"$(inherited)",
				);
				INFOPLIST_FILE = CopyHookTests/Info.plist;
				LD_RUNPATH_SEARCH_PATHS = "$(inherited) @executable_path/../Frameworks @loader_path/../Frameworks";
				PRODUCT_NAME = "$(TARGET_NAME)";
				TEST_HOST = "$(BUILT_PRODUCTS_DIR)/CopyHook.app/Contents/MacOS/CopyHook";
			};
			name = Release;
		};
/* End XCBuildConfiguration section */

/* Begin XCConfigurationList section */
		74688C881AAF1CC500BD8506 /* Build configuration list for PBXProject "CopyHook" */ = {
			isa = XCConfigurationList;
			buildConfigurations = (
				74688CA51AAF1CC500BD8506 /* Debug */,
				74688CA61AAF1CC500BD8506 /* Release */,
			);
			defaultConfigurationIsVisible = 0;
			defaultConfigurationName = Release;
		};
		74688CA71AAF1CC500BD8506 /* Build configuration list for PBXNativeTarget "CopyHook" */ = {
			isa = XCConfigurationList;
			buildConfigurations = (
				74688CA81AAF1CC500BD8506 /* Debug */,
				74688CA91AAF1CC500BD8506 /* Release */,
			);
			defaultConfigurationIsVisible = 0;
			defaultConfigurationName = Release;
		};
		74688CAA1AAF1CC500BD8506 /* Build configuration list for PBXNativeTarget "CopyHookTests" */ = {
			isa = XCConfigurationList;
			buildConfigurations = (
				74688CAB1AAF1CC500BD8506 /* Debug */,
				74688CAC1AAF1CC500BD8506 /* Release */,
			);
			defaultConfigurationIsVisible = 0;
			defaultConfigurationName = Release;
		};
/* End XCConfigurationList section */
	};
	rootObject = 74688C851AAF1CC500BD8506 /* Project object */;
}
